PODS:
  - Capacitor (7.4.4):
    - CapacitorCordova
  - CapacitorBackgroundRunner (2.2.0):
    - Capacitor
  - CapacitorCordova (7.4.4)
  - CapacitorGeolocation (7.1.5):
    - Capacitor
    - IONGeolocationLib (= 1.0.1)
  - CapacitorLocalNotifications (7.0.3):
    - Capacitor
  - CapacitorPushNotifications (7.0.3):
    - Capacitor
  - IONGeolocationLib (1.0.1)

DEPENDENCIES:
  - "Capacitor (from `../../node_modules/@capacitor/ios`)"
  - "CapacitorBackgroundRunner (from `../../node_modules/@capacitor/background-runner`)"
  - "CapacitorCordova (from `../../node_modules/@capacitor/ios`)"
  - "CapacitorGeolocation (from `../../node_modules/@capacitor/geolocation`)"
  - "CapacitorLocalNotifications (from `../../node_modules/@capacitor/local-notifications`)"
  - "CapacitorPushNotifications (from `../../node_modules/@capacitor/push-notifications`)"

SPEC REPOS:
  trunk:
    - IONGeolocationLib

EXTERNAL SOURCES:
  Capacitor:
    :path: "../../node_modules/@capacitor/ios"
  CapacitorBackgroundRunner:
    :path: "../../node_modules/@capacitor/background-runner"
  CapacitorCordova:
    :path: "../../node_modules/@capacitor/ios"
  CapacitorGeolocation:
    :path: "../../node_modules/@capacitor/geolocation"
  CapacitorLocalNotifications:
    :path: "../../node_modules/@capacitor/local-notifications"
  CapacitorPushNotifications:
    :path: "../../node_modules/@capacitor/push-notifications"

SPEC CHECKSUMS:
  Capacitor: 358dd1c3fdd71d969547b17e159fd8a7736cb45f
  CapacitorBackgroundRunner: 5e1c8dbb7d2ebb36f6ca2e24c80fb774488ceb06
  CapacitorCordova: bf648a636f3c153f652d312ae145fb508b6ffced
  CapacitorGeolocation: 84f868bea4c2499aebc3bb3a88fd0a508f87ab87
  CapacitorLocalNotifications: 0811aef56ab2e5f7f9ae72f47d3473ab50c29038
  CapacitorPushNotifications: bdd621fbd562be34a41f4a7b1750efa000447d5a
  IONGeolocationLib: 20f9d0248a0b5264511fb57a37e25dd2badf797a

PODFILE CHECKSUM: ba79d0d4a23d4062290029ac4b3d55448c0dd549

COCOAPODS: 1.16.2
